#MicroXplorer Configuration settings - do not modify
CAD.formats=
CAD.pinconfig=
CAD.provider=
Dma.Request0=SPI1_RX
Dma.Request1=TIM1_CH3/UP
Dma.Request2=TIM1_CH4/TRIG/COM
Dma.Request3=SPI1_TX
Dma.RequestsNb=4
Dma.SPI1_RX.0.Direction=DMA_PERIPH_TO_MEMORY
Dma.SPI1_RX.0.Instance=DMA1_Channel2
Dma.SPI1_RX.0.MemDataAlignment=DMA_MDATAALIGN_BYTE
Dma.SPI1_RX.0.MemInc=DMA_MINC_ENABLE
Dma.SPI1_RX.0.Mode=DMA_CIRCULAR
Dma.SPI1_RX.0.PeriphDataAlignment=DMA_PDATAALIGN_BYTE
Dma.SPI1_RX.0.PeriphInc=DMA_PINC_DISABLE
Dma.SPI1_RX.0.Priority=DMA_PRIORITY_LOW
Dma.SPI1_RX.0.RequestParameters=Instance,Direction,PeriphInc,MemInc,PeriphDataAlignment,MemDataAlignment,Mode,Priority
Dma.SPI1_TX.3.Direction=DMA_MEMORY_TO_PERIPH
Dma.SPI1_TX.3.Instance=DMA1_Channel3
Dma.SPI1_TX.3.MemDataAlignment=DMA_MDATAALIGN_BYTE
Dma.SPI1_TX.3.MemInc=DMA_MINC_ENABLE
Dma.SPI1_TX.3.Mode=DMA_NORMAL
Dma.SPI1_TX.3.PeriphDataAlignment=DMA_PDATAALIGN_BYTE
Dma.SPI1_TX.3.PeriphInc=DMA_PINC_DISABLE
Dma.SPI1_TX.3.Priority=DMA_PRIORITY_LOW
Dma.SPI1_TX.3.RequestParameters=Instance,Direction,PeriphInc,MemInc,PeriphDataAlignment,MemDataAlignment,Mode,Priority
Dma.TIM1_CH3/UP.1.Direction=DMA_PERIPH_TO_MEMORY
Dma.TIM1_CH3/UP.1.Instance=DMA1_Channel5
Dma.TIM1_CH3/UP.1.MemDataAlignment=DMA_MDATAALIGN_HALFWORD
Dma.TIM1_CH3/UP.1.MemInc=DMA_MINC_ENABLE
Dma.TIM1_CH3/UP.1.Mode=DMA_CIRCULAR
Dma.TIM1_CH3/UP.1.PeriphDataAlignment=DMA_PDATAALIGN_HALFWORD
Dma.TIM1_CH3/UP.1.PeriphInc=DMA_PINC_DISABLE
Dma.TIM1_CH3/UP.1.Priority=DMA_PRIORITY_LOW
Dma.TIM1_CH3/UP.1.RequestParameters=Instance,Direction,PeriphInc,MemInc,PeriphDataAlignment,MemDataAlignment,Mode,Priority
Dma.TIM1_CH4/TRIG/COM.2.Direction=DMA_PERIPH_TO_MEMORY
Dma.TIM1_CH4/TRIG/COM.2.Instance=DMA1_Channel4
Dma.TIM1_CH4/TRIG/COM.2.MemDataAlignment=DMA_MDATAALIGN_HALFWORD
Dma.TIM1_CH4/TRIG/COM.2.MemInc=DMA_MINC_ENABLE
Dma.TIM1_CH4/TRIG/COM.2.Mode=DMA_CIRCULAR
Dma.TIM1_CH4/TRIG/COM.2.PeriphDataAlignment=DMA_PDATAALIGN_HALFWORD
Dma.TIM1_CH4/TRIG/COM.2.PeriphInc=DMA_PINC_DISABLE
Dma.TIM1_CH4/TRIG/COM.2.Priority=DMA_PRIORITY_LOW
Dma.TIM1_CH4/TRIG/COM.2.RequestParameters=Instance,Direction,PeriphInc,MemInc,PeriphDataAlignment,MemDataAlignment,Mode,Priority
File.Version=6
GPIO.groupedBy=
KeepUserPlacement=false
Mcu.CPN=STM32F042F4P6
Mcu.Family=STM32F0
Mcu.IP0=DMA
Mcu.IP1=NVIC
Mcu.IP2=RCC
Mcu.IP3=SPI1
Mcu.IP4=SYS
Mcu.IP5=TIM1
Mcu.IP6=USART2
Mcu.IPNb=7
Mcu.Name=STM32F042F4Px
Mcu.Package=TSSOP20
Mcu.Pin0=PA2
Mcu.Pin1=PA3
Mcu.Pin10=VP_TIM1_VS_ClockSourceINT
Mcu.Pin11=VP_TIM1_VS_no_output3
Mcu.Pin2=PA5
Mcu.Pin3=PA6
Mcu.Pin4=PA7
Mcu.Pin5=PB1
Mcu.Pin6=PA13
Mcu.Pin7=PA14
Mcu.Pin8=VP_SYS_VS_PINREMAP
Mcu.Pin9=VP_SYS_VS_Systick
Mcu.PinsNb=12
Mcu.ThirdPartyNb=0
Mcu.UserConstants=
Mcu.UserName=STM32F042F4Px
MxCube.Version=6.11.0
MxDb.Version=DB.6.0.110
NVIC.DMA1_Channel2_3_IRQn=true\:0\:0\:false\:false\:true\:false\:true\:true
NVIC.DMA1_Channel4_5_IRQn=true\:0\:0\:false\:false\:true\:false\:true\:true
NVIC.ForceEnableDMAVector=true
NVIC.HardFault_IRQn=true\:0\:0\:false\:false\:true\:false\:false\:false
NVIC.NonMaskableInt_IRQn=true\:0\:0\:false\:false\:true\:false\:false\:false
NVIC.PendSV_IRQn=true\:0\:0\:false\:false\:true\:false\:false\:false
NVIC.SPI1_IRQn=true\:0\:0\:false\:false\:true\:true\:true\:true
NVIC.SVC_IRQn=true\:0\:0\:false\:false\:true\:false\:false\:true
NVIC.SysTick_IRQn=true\:3\:0\:false\:false\:true\:false\:true\:false
NVIC.TIM1_BRK_UP_TRG_COM_IRQn=true\:0\:0\:false\:false\:true\:true\:true\:true
NVIC.TIM1_CC_IRQn=true\:0\:0\:false\:false\:true\:true\:true\:true
NVIC.USART2_IRQn=true\:0\:0\:false\:false\:true\:true\:true\:true
PA13.Mode=Serial_Wire
PA13.Signal=SYS_SWDIO
PA14.Mode=Serial_Wire
PA14.Signal=SYS_SWCLK
PA2.Mode=Asynchronous
PA2.Signal=USART2_TX
PA3.Mode=Asynchronous
PA3.Signal=USART2_RX
PA5.Mode=Full_Duplex_Slave
PA5.Signal=SPI1_SCK
PA6.Mode=Full_Duplex_Slave
PA6.Signal=SPI1_MISO
PA7.Mode=Full_Duplex_Slave
PA7.Signal=SPI1_MOSI
PB1.GPIOParameters=GPIO_PuPd,GPIO_Label,GPIO_ModeDefaultOutputPP
PB1.GPIO_Label=LED
PB1.GPIO_ModeDefaultOutputPP=GPIO_MODE_OUTPUT_OD
PB1.GPIO_PuPd=GPIO_NOPULL
PB1.Locked=true
PB1.Signal=GPIO_Output
PinOutPanel.RotationAngle=0
ProjectManager.AskForMigrate=true
ProjectManager.BackupPrevious=false
ProjectManager.CompilerOptimize=6
ProjectManager.ComputerToolchain=false
ProjectManager.CoupleFile=true
ProjectManager.CustomerFirmwarePackage=
ProjectManager.DefaultFWLocation=true
ProjectManager.DeletePrevious=true
ProjectManager.DeviceId=STM32F042F4Px
ProjectManager.FirmwarePackage=STM32Cube FW_F0 V1.11.4
ProjectManager.FreePins=false
ProjectManager.HalAssertFull=false
ProjectManager.HeapSize=0x200
ProjectManager.KeepUserCode=true
ProjectManager.LastFirmware=true
ProjectManager.LibraryCopy=1
ProjectManager.MainLocation=Core/Src
ProjectManager.NoMain=false
ProjectManager.PreviousToolchain=
ProjectManager.ProjectBuild=false
ProjectManager.ProjectFileName=small.ioc
ProjectManager.ProjectName=small
ProjectManager.ProjectStructure=
ProjectManager.RegisterCallBack=
ProjectManager.StackSize=0x400
ProjectManager.TargetToolchain=Makefile
ProjectManager.ToolChainLocation=
ProjectManager.UAScriptAfterPath=
ProjectManager.UAScriptBeforePath=
ProjectManager.UnderRoot=false
ProjectManager.functionlistsort=1-SystemClock_Config-RCC-false-HAL-false,2-MX_GPIO_Init-GPIO-false-HAL-true,3-MX_DMA_Init-DMA-false-HAL-true,4-MX_USART2_UART_Init-USART2-false-HAL-true,5-MX_SPI1_Init-SPI1-false-HAL-true,6-MX_TIM1_Init-TIM1-false-HAL-true
RCC.CECFreq_Value=32786.88524590164
RCC.FamilyName=M
RCC.HSICECFreq_Value=32786.88524590164
RCC.IPParameters=CECFreq_Value,FamilyName,HSICECFreq_Value,PLLCLKFreq_Value,TimSysFreq_Value,VCOOutput2Freq_Value
RCC.PLLCLKFreq_Value=16000000
RCC.TimSysFreq_Value=8000000
RCC.VCOOutput2Freq_Value=8000000
SPI1.CRCCalculation=SPI_CRCCALCULATION_DISABLE
SPI1.DataSize=SPI_DATASIZE_8BIT
SPI1.Direction=SPI_DIRECTION_2LINES
SPI1.IPParameters=VirtualType,Mode,Direction,DataSize,CRCCalculation
SPI1.Mode=SPI_MODE_SLAVE
SPI1.VirtualType=VM_SLAVE
TIM1.AutoReloadPreload=TIM_AUTORELOAD_PRELOAD_ENABLE
TIM1.Channel-Output\ Compare3\ No\ Output=TIM_CHANNEL_3
TIM1.IPParameters=Channel-Output Compare3 No Output,AutoReloadPreload,Period,Prescaler
TIM1.Period=128
TIM1.Prescaler=0
USART2.BaudRate=115200
USART2.IPParameters=VirtualMode-Asynchronous,BaudRate,OverSampling
USART2.OverSampling=UART_OVERSAMPLING_16
USART2.VirtualMode-Asynchronous=VM_ASYNC
VP_SYS_VS_PINREMAP.Mode=PINREMAP
VP_SYS_VS_PINREMAP.Signal=SYS_VS_PINREMAP
VP_SYS_VS_Systick.Mode=SysTick
VP_SYS_VS_Systick.Signal=SYS_VS_Systick
VP_TIM1_VS_ClockSourceINT.Mode=Internal
VP_TIM1_VS_ClockSourceINT.Signal=TIM1_VS_ClockSourceINT
VP_TIM1_VS_no_output3.Mode=Output Compare3 No Output
VP_TIM1_VS_no_output3.Signal=TIM1_VS_no_output3
board=custom
